
Microsoft Visual Studio Solution File, Format Version 12.00
# Visual Studio Version 16
VisualStudioVersion = 16.0.30717.126
MinimumVisualStudioVersion = 10.0.40219.1
Project("{9A19103F-16F7-4668-BE54-9A1E7A4F7556}") = "AdminPortal.UI", "AdminPortal.UI\AdminPortal.UI.csproj", "{4857C317-ACEE-49AB-9F7E-092542C9CC8A}"
EndProject
Project("{9A19103F-16F7-4668-BE54-9A1E7A4F7556}") = "AdminPortal.UI.Models", "AdminPortal.UI.Models\AdminPortal.UI.Models.csproj", "{E9F2FF93-BE1E-4E1D-A8FD-8CA90CA11717}"
EndProject
Project("{9A19103F-16F7-4668-BE54-9A1E7A4F7556}") = "AdminPortal.BL", "AdminPortal.BL\AdminPortal.BL.csproj", "{5B699144-9918-4F34-B65B-A3BDEDC69031}"
EndProject
Project("{9A19103F-16F7-4668-BE54-9A1E7A4F7556}") = "AdminPortal.Security", "AdminPortal.Security\AdminPortal.Security.csproj", "{20ECEAF3-5933-4E89-8F46-2852499A5490}"
EndProject
Global
	GlobalSection(SolutionConfigurationPlatforms) = preSolution
		Debug|Any CPU = Debug|Any CPU
		Release|Any CPU = Release|Any CPU
	EndGlobalSection
	GlobalSection(ProjectConfigurationPlatforms) = postSolution
		{4857C317-ACEE-49AB-9F7E-092542C9CC8A}.Debug|Any CPU.ActiveCfg = Debug|Any CPU
		{4857C317-ACEE-49AB-9F7E-092542C9CC8A}.Debug|Any CPU.Build.0 = Debug|Any CPU
		{4857C317-ACEE-49AB-9F7E-092542C9CC8A}.Release|Any CPU.ActiveCfg = Release|Any CPU
		{4857C317-ACEE-49AB-9F7E-092542C9CC8A}.Release|Any CPU.Build.0 = Release|Any CPU
		{E9F2FF93-BE1E-4E1D-A8FD-8CA90CA11717}.Debug|Any CPU.ActiveCfg = Debug|Any CPU
		{E9F2FF93-BE1E-4E1D-A8FD-8CA90CA11717}.Debug|Any CPU.Build.0 = Debug|Any CPU
		{E9F2FF93-BE1E-4E1D-A8FD-8CA90CA11717}.Release|Any CPU.ActiveCfg = Release|Any CPU
		{E9F2FF93-BE1E-4E1D-A8FD-8CA90CA11717}.Release|Any CPU.Build.0 = Release|Any CPU
		{5B699144-9918-4F34-B65B-A3BDEDC69031}.Debug|Any CPU.ActiveCfg = Debug|Any CPU
		{5B699144-9918-4F34-B65B-A3BDEDC69031}.Debug|Any CPU.Build.0 = Debug|Any CPU
		{5B699144-9918-4F34-B65B-A3BDEDC69031}.Release|Any CPU.ActiveCfg = Release|Any CPU
		{5B699144-9918-4F34-B65B-A3BDEDC69031}.Release|Any CPU.Build.0 = Release|Any CPU
		{20ECEAF3-5933-4E89-8F46-2852499A5490}.Debug|Any CPU.ActiveCfg = Debug|Any CPU
		{20ECEAF3-5933-4E89-8F46-2852499A5490}.Debug|Any CPU.Build.0 = Debug|Any CPU
		{20ECEAF3-5933-4E89-8F46-2852499A5490}.Release|Any CPU.ActiveCfg = Release|Any CPU
		{20ECEAF3-5933-4E89-8F46-2852499A5490}.Release|Any CPU.Build.0 = Release|Any CPU
	EndGlobalSection
	GlobalSection(SolutionProperties) = preSolution
		HideSolutionNode = FALSE
	EndGlobalSection
	GlobalSection(ExtensibilityGlobals) = postSolution
		SolutionGuid = {C8DB00FE-8E96-44E7-850A-D06E77D5EF60}
	EndGlobalSection
EndGlobal
